{
  "version": 4,
  "terraform_version": "1.2.4",
  "serial": 19,
  "lineage": "f624a9c2-c72d-146f-2ac7-337f0a5e8a86",
  "outputs": {},
  "resources": [
    {
      "mode": "data",
      "type": "archive_file",
      "name": "get_lambda_zip",
      "provider": "provider[\"registry.terraform.io/hashicorp/archive\"]",
      "instances": [
        {
          "schema_version": 0,
          "attributes": {
            "excludes": null,
            "id": "26724825996fe2939bcfa98a99fc6670f2ffe45e",
            "output_base64sha256": "ADPF+RRmQc82MhJkUj3/NFhl49VMCADtFl2S5O+A2dc=",
            "output_file_mode": null,
            "output_md5": "9bc0ca83e963f613347a416febee3ff1",
            "output_path": "lambda_function.zip",
            "output_sha": "26724825996fe2939bcfa98a99fc6670f2ffe45e",
            "output_size": 4137,
            "source": [],
            "source_content": null,
            "source_content_filename": null,
            "source_dir": "build/get-themes",
            "source_file": null,
            "type": "zip"
          },
          "sensitive_attributes": []
        }
      ]
    },
    {
      "mode": "data",
      "type": "archive_file",
      "name": "serve_lambda_zip",
      "provider": "provider[\"registry.terraform.io/hashicorp/archive\"]",
      "instances": [
        {
          "schema_version": 0,
          "attributes": {
            "excludes": null,
            "id": "2111a757646ff959afb839fc173fe2ac6fb7c3dc",
            "output_base64sha256": "iX6BilzpKrc5GGgPlFEEGal+eLkb8M3U/PQukVR3xSQ=",
            "output_file_mode": null,
            "output_md5": "708e8fa2d609724029b2473ada33661d",
            "output_path": "lambda_function.zip",
            "output_sha": "2111a757646ff959afb839fc173fe2ac6fb7c3dc",
            "output_size": 303,
            "source": [],
            "source_content": null,
            "source_content_filename": null,
            "source_dir": "build/serve-themes",
            "source_file": null,
            "type": "zip"
          },
          "sensitive_attributes": []
        }
      ]
    },
    {
      "mode": "managed",
      "type": "aws_iam_role",
      "name": "iam_for_lambda_tf",
      "provider": "provider[\"registry.terraform.io/hashicorp/aws\"]",
      "instances": [
        {
          "schema_version": 0,
          "attributes": {
            "arn": "arn:aws:iam::678644694132:role/iam_for_lambda_tf",
            "assume_role_policy": "{\"Version\":\"2012-10-17\",\"Statement\":[{\"Sid\":\"\",\"Effect\":\"Allow\",\"Principal\":{\"Service\":\"lambda.amazonaws.com\"},\"Action\":\"sts:AssumeRole\"}]}",
            "create_date": "2022-07-10T15:47:06Z",
            "description": "",
            "force_detach_policies": false,
            "id": "iam_for_lambda_tf",
            "inline_policy": [
              {
                "name": "",
                "policy": ""
              }
            ],
            "managed_policy_arns": [
              "arn:aws:iam::678644694132:policy/write_themes_json"
            ],
            "max_session_duration": 3600,
            "name": "iam_for_lambda_tf",
            "name_prefix": "",
            "path": "/",
            "permissions_boundary": null,
            "tags": {},
            "tags_all": {},
            "unique_id": "AROAZ4ATAHR2FYIBU2PPH"
          },
          "sensitive_attributes": [],
          "private": "bnVsbA=="
        }
      ]
    },
    {
      "mode": "managed",
      "type": "aws_lambda_function",
      "name": "get_themes",
      "provider": "provider[\"registry.terraform.io/hashicorp/aws\"]",
      "instances": [
        {
          "schema_version": 0,
          "attributes": {
            "architectures": [
              "x86_64"
            ],
            "arn": "arn:aws:lambda:eu-west-2:678644694132:function:get_themes",
            "code_signing_config_arn": "",
            "dead_letter_config": [],
            "description": "",
            "environment": [],
            "ephemeral_storage": [
              {
                "size": 512
              }
            ],
            "file_system_config": [],
            "filename": "lambda_function.zip",
            "function_name": "get_themes",
            "handler": "index.handler",
            "id": "get_themes",
            "image_config": [],
            "image_uri": "",
            "invoke_arn": "arn:aws:apigateway:eu-west-2:lambda:path/2015-03-31/functions/arn:aws:lambda:eu-west-2:678644694132:function:get_themes/invocations",
            "kms_key_arn": "",
            "last_modified": "2022-07-11T18:45:36.777+0000",
            "layers": [],
            "memory_size": 128,
            "package_type": "Zip",
            "publish": false,
            "qualified_arn": "arn:aws:lambda:eu-west-2:678644694132:function:get_themes:$LATEST",
            "reserved_concurrent_executions": -1,
            "role": "arn:aws:iam::678644694132:role/iam_for_lambda_tf",
            "runtime": "nodejs16.x",
            "s3_bucket": null,
            "s3_key": null,
            "s3_object_version": null,
            "signing_job_arn": "",
            "signing_profile_version_arn": "",
            "source_code_hash": "ADPF+RRmQc82MhJkUj3/NFhl49VMCADtFl2S5O+A2dc=",
            "source_code_size": 4137,
            "tags": {},
            "tags_all": {},
            "timeout": 3,
            "timeouts": null,
            "tracing_config": [
              {
                "mode": "PassThrough"
              }
            ],
            "version": "$LATEST",
            "vpc_config": []
          },
          "sensitive_attributes": [],
          "private": "eyJlMmJmYjczMC1lY2FhLTExZTYtOGY4OC0zNDM2M2JjN2M0YzAiOnsiY3JlYXRlIjo2MDAwMDAwMDAwMDB9fQ==",
          "dependencies": [
            "aws_iam_role.iam_for_lambda_tf",
            "data.archive_file.get_lambda_zip"
          ]
        }
      ]
    },
    {
      "mode": "managed",
      "type": "aws_lambda_function",
      "name": "serve_themes",
      "provider": "provider[\"registry.terraform.io/hashicorp/aws\"]",
      "instances": [
        {
          "schema_version": 0,
          "attributes": {
            "architectures": [
              "x86_64"
            ],
            "arn": "arn:aws:lambda:eu-west-2:678644694132:function:serve_themes",
            "code_signing_config_arn": "",
            "dead_letter_config": [],
            "description": "",
            "environment": [],
            "ephemeral_storage": [
              {
                "size": 512
              }
            ],
            "file_system_config": [],
            "filename": "lambda_function.zip",
            "function_name": "serve_themes",
            "handler": "index.handler",
            "id": "serve_themes",
            "image_config": [],
            "image_uri": "",
            "invoke_arn": "arn:aws:apigateway:eu-west-2:lambda:path/2015-03-31/functions/arn:aws:lambda:eu-west-2:678644694132:function:serve_themes/invocations",
            "kms_key_arn": "",
            "last_modified": "2022-07-11T19:04:18.912+0000",
            "layers": null,
            "memory_size": 128,
            "package_type": "Zip",
            "publish": false,
            "qualified_arn": "arn:aws:lambda:eu-west-2:678644694132:function:serve_themes:$LATEST",
            "reserved_concurrent_executions": -1,
            "role": "arn:aws:iam::678644694132:role/iam_for_lambda_tf",
            "runtime": "nodejs16.x",
            "s3_bucket": null,
            "s3_key": null,
            "s3_object_version": null,
            "signing_job_arn": "",
            "signing_profile_version_arn": "",
            "source_code_hash": "ADPF+RRmQc82MhJkUj3/NFhl49VMCADtFl2S5O+A2dc=",
            "source_code_size": 4137,
            "tags": null,
            "tags_all": {},
            "timeout": 3,
            "timeouts": null,
            "tracing_config": [
              {
                "mode": "PassThrough"
              }
            ],
            "version": "$LATEST",
            "vpc_config": []
          },
          "sensitive_attributes": [],
          "private": "eyJlMmJmYjczMC1lY2FhLTExZTYtOGY4OC0zNDM2M2JjN2M0YzAiOnsiY3JlYXRlIjo2MDAwMDAwMDAwMDB9fQ==",
          "dependencies": [
            "aws_iam_role.iam_for_lambda_tf",
            "data.archive_file.serve_lambda_zip"
          ]
        }
      ]
    }
  ]
}
